
Microsoft Visual Studio Solution File, Format Version 12.00
# Visual Studio Version 17
VisualStudioVersion = 17.6.33712.159
MinimumVisualStudioVersion = 10.0.40219.1
Project("{FAE04EC0-301F-11D3-BF4B-00C04F79EFBC}") = "Tatil Rezervasyon Otomasyonu", "Tatil Rezervasyon Otomasyonu\Tatil Rezervasyon Otomasyonu.csproj", "{8F95747E-62E1-4EB0-9C9C-AECBE828E985}"
EndProject
Global
	GlobalSection(SolutionConfigurationPlatforms) = preSolution
		Debug|Any CPU = Debug|Any CPU
		Release|Any CPU = Release|Any CPU
	EndGlobalSection
	GlobalSection(ProjectConfigurationPlatforms) = postSolution
		{8F95747E-62E1-4EB0-9C9C-AECBE828E985}.Debug|Any CPU.ActiveCfg = Debug|Any CPU
		{8F95747E-62E1-4EB0-9C9C-AECBE828E985}.Debug|Any CPU.Build.0 = Debug|Any CPU
		{8F95747E-62E1-4EB0-9C9C-AECBE828E985}.Release|Any CPU.ActiveCfg = Release|Any CPU
		{8F95747E-62E1-4EB0-9C9C-AECBE828E985}.Release|Any CPU.Build.0 = Release|Any CPU
	EndGlobalSection
	GlobalSection(SolutionProperties) = preSolution
		HideSolutionNode = FALSE
	EndGlobalSection
	GlobalSection(ExtensibilityGlobals) = postSolution
		SolutionGuid = {DD9204F3-AB27-4CA8-A4E8-6995E3F59920}
	EndGlobalSection
EndGlobal
